
Microsoft Visual Studio Solution File, Format Version 12.00
# Visual Studio Version 16
VisualStudioVersion = 16.0.30804.86
MinimumVisualStudioVersion = 10.0.40219.1
Project("{FAE04EC0-301F-11D3-BF4B-00C04F79EFBC}") = "CodeSnippet1", "CodeSnippet\CodeSnippet1.csproj", "{8AB778CF-1A76-43E7-9675-2602840F77EB}"
EndProject
Project("{FAE04EC0-301F-11D3-BF4B-00C04F79EFBC}") = "CodeSnippet2", "CodeSnippet2\CodeSnippet2.csproj", "{DA4F314E-A679-4DAD-A323-73B05CF93DBB}"
EndProject
Project("{FAE04EC0-301F-11D3-BF4B-00C04F79EFBC}") = "CodeSnippet3", "CodeSippet3\CodeSnippet3.csproj", "{B4EFB598-2973-4417-AD28-311C48C1F084}"
EndProject
Project("{FAE04EC0-301F-11D3-BF4B-00C04F79EFBC}") = "CodeSnippet4", "CodeSnippet4\CodeSnippet4.csproj", "{8638C159-2B8B-4EAE-BD55-DB524206D2E6}"
EndProject
Project("{FAE04EC0-301F-11D3-BF4B-00C04F79EFBC}") = "CodeSnippet5", "CodeSnippet5\CodeSnippet5.csproj", "{A1CDB907-5C94-47D5-A66D-C85EFB696B51}"
EndProject
Project("{FAE04EC0-301F-11D3-BF4B-00C04F79EFBC}") = "CodeSnippet6", "CodeSnippet6\CodeSnippet6.csproj", "{E05B32D9-EA7E-4EAE-A321-F473295791D6}"
EndProject
Project("{FAE04EC0-301F-11D3-BF4B-00C04F79EFBC}") = "CodeSnippet7", "CodeSnippet7\CodeSnippet7.csproj", "{DEB6DE0A-F159-41B1-BFD0-369C08822D1B}"
EndProject
Project("{FAE04EC0-301F-11D3-BF4B-00C04F79EFBC}") = "CodeSnippet8", "CodeSnippet8\CodeSnippet8.csproj", "{654C20CB-72D9-471B-A3B2-CD4D1A849892}"
EndProject
Project("{FAE04EC0-301F-11D3-BF4B-00C04F79EFBC}") = "CodeSnippet9", "CodeSnippet9\CodeSnippet9.csproj", "{4C730C34-E027-46EB-AC09-E8CE29AD88D9}"
EndProject
Project("{FAE04EC0-301F-11D3-BF4B-00C04F79EFBC}") = "CodeSnippet10", "CodeSnippet10\CodeSnippet10.csproj", "{F937B0A7-29F9-498D-B947-CBD18A91ED44}"
EndProject
Project("{FAE04EC0-301F-11D3-BF4B-00C04F79EFBC}") = "CodeSnippet11", "CodeSnippet11\CodeSnippet11.csproj", "{6BBA0192-A264-4AC7-A226-D499D88EFBD9}"
EndProject
Project("{FAE04EC0-301F-11D3-BF4B-00C04F79EFBC}") = "CodeSnippet12", "CodeSnippet12\CodeSnippet12.csproj", "{8B2092EA-05F9-4747-BF6F-328690CAEF69}"
EndProject
Project("{FAE04EC0-301F-11D3-BF4B-00C04F79EFBC}") = "CodeSnippet13", "CodeSnippet13\CodeSnippet13.csproj", "{50C6B290-FD40-494F-86A1-3B527DA931F1}"
EndProject
Project("{FAE04EC0-301F-11D3-BF4B-00C04F79EFBC}") = "CodeSnippet14", "CodeSnippet14\CodeSnippet14.csproj", "{A129903B-35E2-4D26-BC67-69EE539E3A91}"
EndProject
Project("{FAE04EC0-301F-11D3-BF4B-00C04F79EFBC}") = "CodeSnippet15", "CodeSnippet15\CodeSnippet15.csproj", "{C70BFDA0-21D7-4590-9DB7-56775BBBA22F}"
EndProject
Project("{FAE04EC0-301F-11D3-BF4B-00C04F79EFBC}") = "Snippet12.1", "Snippet12.1\Snippet12.1.csproj", "{93D746D8-EACB-42F3-94B2-023545C74C01}"
EndProject
Project("{FAE04EC0-301F-11D3-BF4B-00C04F79EFBC}") = "Snippet12.2", "Snippet12.2\Snippet12.2.csproj", "{EF82B0CB-FF2B-4C6C-9E5B-2F3EF8AF35AA}"
EndProject
Project("{FAE04EC0-301F-11D3-BF4B-00C04F79EFBC}") = "Snippet12.3", "Snippet12.3\Snippet12.3.csproj", "{03B5DC53-07D5-4839-BAEE-2BA7BA858529}"
EndProject
Project("{FAE04EC0-301F-11D3-BF4B-00C04F79EFBC}") = "Snippet12.5", "Snippet12.5\Snippet12.5.csproj", "{2217D2D8-A2D1-4B75-BF82-AC148D7E3590}"
EndProject
Project("{FAE04EC0-301F-11D3-BF4B-00C04F79EFBC}") = "Snippet12.4", "Snippet12.4\Snippet12.4.csproj", "{96E52851-2F26-44DE-9016-2F15B67FF8CF}"
EndProject
Project("{FAE04EC0-301F-11D3-BF4B-00C04F79EFBC}") = "Snippet12.6", "Snippet12.6\Snippet12.6.csproj", "{59F2EC9E-BB59-46F3-95BC-A7EAC2C6FA2F}"
EndProject
Project("{FAE04EC0-301F-11D3-BF4B-00C04F79EFBC}") = "Snippet12.8", "Snippet12.8\Snippet12.8.csproj", "{64A5C25A-E4D6-4B2D-BCF9-8CEDE643718F}"
EndProject
Project("{FAE04EC0-301F-11D3-BF4B-00C04F79EFBC}") = "Snippet12.9", "Snippet12.9\Snippet12.9.csproj", "{671CD96A-876A-4645-97BD-DAB16F07C884}"
EndProject
Project("{FAE04EC0-301F-11D3-BF4B-00C04F79EFBC}") = "Snippet12.7", "Snippet12.7\Snippet12.7.csproj", "{B3FA17C5-7032-477B-B6E3-0F208B1F8A83}"
EndProject
Project("{FAE04EC0-301F-11D3-BF4B-00C04F79EFBC}") = "Snippet12.10", "Snippet12.10\Snippet12.10.csproj", "{2E1C6CA6-D968-4585-9372-141AF7F4983B}"
EndProject
Project("{FAE04EC0-301F-11D3-BF4B-00C04F79EFBC}") = "Snippet12.11", "Snippet12.11\Snippet12.11.csproj", "{B16B9811-6AEA-4494-A84D-9355C9160038}"
EndProject
Project("{FAE04EC0-301F-11D3-BF4B-00C04F79EFBC}") = "Snippet12.12", "Snippet12.12\Snippet12.12.csproj", "{949B7EAC-DF50-43E2-AB8E-F27CDC38E023}"
EndProject
Global
	GlobalSection(SolutionConfigurationPlatforms) = preSolution
		Debug|Any CPU = Debug|Any CPU
		Release|Any CPU = Release|Any CPU
	EndGlobalSection
	GlobalSection(ProjectConfigurationPlatforms) = postSolution
		{8AB778CF-1A76-43E7-9675-2602840F77EB}.Debug|Any CPU.ActiveCfg = Debug|Any CPU
		{8AB778CF-1A76-43E7-9675-2602840F77EB}.Debug|Any CPU.Build.0 = Debug|Any CPU
		{8AB778CF-1A76-43E7-9675-2602840F77EB}.Release|Any CPU.ActiveCfg = Release|Any CPU
		{8AB778CF-1A76-43E7-9675-2602840F77EB}.Release|Any CPU.Build.0 = Release|Any CPU
		{DA4F314E-A679-4DAD-A323-73B05CF93DBB}.Debug|Any CPU.ActiveCfg = Debug|Any CPU
		{DA4F314E-A679-4DAD-A323-73B05CF93DBB}.Debug|Any CPU.Build.0 = Debug|Any CPU
		{DA4F314E-A679-4DAD-A323-73B05CF93DBB}.Release|Any CPU.ActiveCfg = Release|Any CPU
		{DA4F314E-A679-4DAD-A323-73B05CF93DBB}.Release|Any CPU.Build.0 = Release|Any CPU
		{B4EFB598-2973-4417-AD28-311C48C1F084}.Debug|Any CPU.ActiveCfg = Debug|Any CPU
		{B4EFB598-2973-4417-AD28-311C48C1F084}.Debug|Any CPU.Build.0 = Debug|Any CPU
		{B4EFB598-2973-4417-AD28-311C48C1F084}.Release|Any CPU.ActiveCfg = Release|Any CPU
		{B4EFB598-2973-4417-AD28-311C48C1F084}.Release|Any CPU.Build.0 = Release|Any CPU
		{8638C159-2B8B-4EAE-BD55-DB524206D2E6}.Debug|Any CPU.ActiveCfg = Debug|Any CPU
		{8638C159-2B8B-4EAE-BD55-DB524206D2E6}.Debug|Any CPU.Build.0 = Debug|Any CPU
		{8638C159-2B8B-4EAE-BD55-DB524206D2E6}.Release|Any CPU.ActiveCfg = Release|Any CPU
		{8638C159-2B8B-4EAE-BD55-DB524206D2E6}.Release|Any CPU.Build.0 = Release|Any CPU
		{A1CDB907-5C94-47D5-A66D-C85EFB696B51}.Debug|Any CPU.ActiveCfg = Debug|Any CPU
		{A1CDB907-5C94-47D5-A66D-C85EFB696B51}.Debug|Any CPU.Build.0 = Debug|Any CPU
		{A1CDB907-5C94-47D5-A66D-C85EFB696B51}.Release|Any CPU.ActiveCfg = Release|Any CPU
		{A1CDB907-5C94-47D5-A66D-C85EFB696B51}.Release|Any CPU.Build.0 = Release|Any CPU
		{E05B32D9-EA7E-4EAE-A321-F473295791D6}.Debug|Any CPU.ActiveCfg = Debug|Any CPU
		{E05B32D9-EA7E-4EAE-A321-F473295791D6}.Debug|Any CPU.Build.0 = Debug|Any CPU
		{E05B32D9-EA7E-4EAE-A321-F473295791D6}.Release|Any CPU.ActiveCfg = Release|Any CPU
		{E05B32D9-EA7E-4EAE-A321-F473295791D6}.Release|Any CPU.Build.0 = Release|Any CPU
		{DEB6DE0A-F159-41B1-BFD0-369C08822D1B}.Debug|Any CPU.ActiveCfg = Debug|Any CPU
		{DEB6DE0A-F159-41B1-BFD0-369C08822D1B}.Debug|Any CPU.Build.0 = Debug|Any CPU
		{DEB6DE0A-F159-41B1-BFD0-369C08822D1B}.Release|Any CPU.ActiveCfg = Release|Any CPU
		{DEB6DE0A-F159-41B1-BFD0-369C08822D1B}.Release|Any CPU.Build.0 = Release|Any CPU
		{654C20CB-72D9-471B-A3B2-CD4D1A849892}.Debug|Any CPU.ActiveCfg = Debug|Any CPU
		{654C20CB-72D9-471B-A3B2-CD4D1A849892}.Debug|Any CPU.Build.0 = Debug|Any CPU
		{654C20CB-72D9-471B-A3B2-CD4D1A849892}.Release|Any CPU.ActiveCfg = Release|Any CPU
		{654C20CB-72D9-471B-A3B2-CD4D1A849892}.Release|Any CPU.Build.0 = Release|Any CPU
		{4C730C34-E027-46EB-AC09-E8CE29AD88D9}.Debug|Any CPU.ActiveCfg = Debug|Any CPU
		{4C730C34-E027-46EB-AC09-E8CE29AD88D9}.Debug|Any CPU.Build.0 = Debug|Any CPU
		{4C730C34-E027-46EB-AC09-E8CE29AD88D9}.Release|Any CPU.ActiveCfg = Release|Any CPU
		{4C730C34-E027-46EB-AC09-E8CE29AD88D9}.Release|Any CPU.Build.0 = Release|Any CPU
		{F937B0A7-29F9-498D-B947-CBD18A91ED44}.Debug|Any CPU.ActiveCfg = Debug|Any CPU
		{F937B0A7-29F9-498D-B947-CBD18A91ED44}.Debug|Any CPU.Build.0 = Debug|Any CPU
		{F937B0A7-29F9-498D-B947-CBD18A91ED44}.Release|Any CPU.ActiveCfg = Release|Any CPU
		{F937B0A7-29F9-498D-B947-CBD18A91ED44}.Release|Any CPU.Build.0 = Release|Any CPU
		{6BBA0192-A264-4AC7-A226-D499D88EFBD9}.Debug|Any CPU.ActiveCfg = Debug|Any CPU
		{6BBA0192-A264-4AC7-A226-D499D88EFBD9}.Debug|Any CPU.Build.0 = Debug|Any CPU
		{6BBA0192-A264-4AC7-A226-D499D88EFBD9}.Release|Any CPU.ActiveCfg = Release|Any CPU
		{6BBA0192-A264-4AC7-A226-D499D88EFBD9}.Release|Any CPU.Build.0 = Release|Any CPU
		{8B2092EA-05F9-4747-BF6F-328690CAEF69}.Debug|Any CPU.ActiveCfg = Debug|Any CPU
		{8B2092EA-05F9-4747-BF6F-328690CAEF69}.Debug|Any CPU.Build.0 = Debug|Any CPU
		{8B2092EA-05F9-4747-BF6F-328690CAEF69}.Release|Any CPU.ActiveCfg = Release|Any CPU
		{8B2092EA-05F9-4747-BF6F-328690CAEF69}.Release|Any CPU.Build.0 = Release|Any CPU
		{50C6B290-FD40-494F-86A1-3B527DA931F1}.Debug|Any CPU.ActiveCfg = Debug|Any CPU
		{50C6B290-FD40-494F-86A1-3B527DA931F1}.Debug|Any CPU.Build.0 = Debug|Any CPU
		{50C6B290-FD40-494F-86A1-3B527DA931F1}.Release|Any CPU.ActiveCfg = Release|Any CPU
		{50C6B290-FD40-494F-86A1-3B527DA931F1}.Release|Any CPU.Build.0 = Release|Any CPU
		{A129903B-35E2-4D26-BC67-69EE539E3A91}.Debug|Any CPU.ActiveCfg = Debug|Any CPU
		{A129903B-35E2-4D26-BC67-69EE539E3A91}.Debug|Any CPU.Build.0 = Debug|Any CPU
		{A129903B-35E2-4D26-BC67-69EE539E3A91}.Release|Any CPU.ActiveCfg = Release|Any CPU
		{A129903B-35E2-4D26-BC67-69EE539E3A91}.Release|Any CPU.Build.0 = Release|Any CPU
		{C70BFDA0-21D7-4590-9DB7-56775BBBA22F}.Debug|Any CPU.ActiveCfg = Debug|Any CPU
		{C70BFDA0-21D7-4590-9DB7-56775BBBA22F}.Debug|Any CPU.Build.0 = Debug|Any CPU
		{C70BFDA0-21D7-4590-9DB7-56775BBBA22F}.Release|Any CPU.ActiveCfg = Release|Any CPU
		{C70BFDA0-21D7-4590-9DB7-56775BBBA22F}.Release|Any CPU.Build.0 = Release|Any CPU
		{93D746D8-EACB-42F3-94B2-023545C74C01}.Debug|Any CPU.ActiveCfg = Debug|Any CPU
		{93D746D8-EACB-42F3-94B2-023545C74C01}.Debug|Any CPU.Build.0 = Debug|Any CPU
		{93D746D8-EACB-42F3-94B2-023545C74C01}.Release|Any CPU.ActiveCfg = Release|Any CPU
		{93D746D8-EACB-42F3-94B2-023545C74C01}.Release|Any CPU.Build.0 = Release|Any CPU
		{EF82B0CB-FF2B-4C6C-9E5B-2F3EF8AF35AA}.Debug|Any CPU.ActiveCfg = Debug|Any CPU
		{EF82B0CB-FF2B-4C6C-9E5B-2F3EF8AF35AA}.Debug|Any CPU.Build.0 = Debug|Any CPU
		{EF82B0CB-FF2B-4C6C-9E5B-2F3EF8AF35AA}.Release|Any CPU.ActiveCfg = Release|Any CPU
		{EF82B0CB-FF2B-4C6C-9E5B-2F3EF8AF35AA}.Release|Any CPU.Build.0 = Release|Any CPU
		{03B5DC53-07D5-4839-BAEE-2BA7BA858529}.Debug|Any CPU.ActiveCfg = Debug|Any CPU
		{03B5DC53-07D5-4839-BAEE-2BA7BA858529}.Debug|Any CPU.Build.0 = Debug|Any CPU
		{03B5DC53-07D5-4839-BAEE-2BA7BA858529}.Release|Any CPU.ActiveCfg = Release|Any CPU
		{03B5DC53-07D5-4839-BAEE-2BA7BA858529}.Release|Any CPU.Build.0 = Release|Any CPU
		{2217D2D8-A2D1-4B75-BF82-AC148D7E3590}.Debug|Any CPU.ActiveCfg = Debug|Any CPU
		{2217D2D8-A2D1-4B75-BF82-AC148D7E3590}.Debug|Any CPU.Build.0 = Debug|Any CPU
		{2217D2D8-A2D1-4B75-BF82-AC148D7E3590}.Release|Any CPU.ActiveCfg = Release|Any CPU
		{2217D2D8-A2D1-4B75-BF82-AC148D7E3590}.Release|Any CPU.Build.0 = Release|Any CPU
		{96E52851-2F26-44DE-9016-2F15B67FF8CF}.Debug|Any CPU.ActiveCfg = Debug|Any CPU
		{96E52851-2F26-44DE-9016-2F15B67FF8CF}.Debug|Any CPU.Build.0 = Debug|Any CPU
		{96E52851-2F26-44DE-9016-2F15B67FF8CF}.Release|Any CPU.ActiveCfg = Release|Any CPU
		{96E52851-2F26-44DE-9016-2F15B67FF8CF}.Release|Any CPU.Build.0 = Release|Any CPU
		{59F2EC9E-BB59-46F3-95BC-A7EAC2C6FA2F}.Debug|Any CPU.ActiveCfg = Debug|Any CPU
		{59F2EC9E-BB59-46F3-95BC-A7EAC2C6FA2F}.Debug|Any CPU.Build.0 = Debug|Any CPU
		{59F2EC9E-BB59-46F3-95BC-A7EAC2C6FA2F}.Release|Any CPU.ActiveCfg = Release|Any CPU
		{59F2EC9E-BB59-46F3-95BC-A7EAC2C6FA2F}.Release|Any CPU.Build.0 = Release|Any CPU
		{64A5C25A-E4D6-4B2D-BCF9-8CEDE643718F}.Debug|Any CPU.ActiveCfg = Debug|Any CPU
		{64A5C25A-E4D6-4B2D-BCF9-8CEDE643718F}.Debug|Any CPU.Build.0 = Debug|Any CPU
		{64A5C25A-E4D6-4B2D-BCF9-8CEDE643718F}.Release|Any CPU.ActiveCfg = Release|Any CPU
		{64A5C25A-E4D6-4B2D-BCF9-8CEDE643718F}.Release|Any CPU.Build.0 = Release|Any CPU
		{671CD96A-876A-4645-97BD-DAB16F07C884}.Debug|Any CPU.ActiveCfg = Debug|Any CPU
		{671CD96A-876A-4645-97BD-DAB16F07C884}.Debug|Any CPU.Build.0 = Debug|Any CPU
		{671CD96A-876A-4645-97BD-DAB16F07C884}.Release|Any CPU.ActiveCfg = Release|Any CPU
		{671CD96A-876A-4645-97BD-DAB16F07C884}.Release|Any CPU.Build.0 = Release|Any CPU
		{B3FA17C5-7032-477B-B6E3-0F208B1F8A83}.Debug|Any CPU.ActiveCfg = Debug|Any CPU
		{B3FA17C5-7032-477B-B6E3-0F208B1F8A83}.Debug|Any CPU.Build.0 = Debug|Any CPU
		{B3FA17C5-7032-477B-B6E3-0F208B1F8A83}.Release|Any CPU.ActiveCfg = Release|Any CPU
		{B3FA17C5-7032-477B-B6E3-0F208B1F8A83}.Release|Any CPU.Build.0 = Release|Any CPU
		{2E1C6CA6-D968-4585-9372-141AF7F4983B}.Debug|Any CPU.ActiveCfg = Debug|Any CPU
		{2E1C6CA6-D968-4585-9372-141AF7F4983B}.Debug|Any CPU.Build.0 = Debug|Any CPU
		{2E1C6CA6-D968-4585-9372-141AF7F4983B}.Release|Any CPU.ActiveCfg = Release|Any CPU
		{2E1C6CA6-D968-4585-9372-141AF7F4983B}.Release|Any CPU.Build.0 = Release|Any CPU
		{B16B9811-6AEA-4494-A84D-9355C9160038}.Debug|Any CPU.ActiveCfg = Debug|Any CPU
		{B16B9811-6AEA-4494-A84D-9355C9160038}.Debug|Any CPU.Build.0 = Debug|Any CPU
		{B16B9811-6AEA-4494-A84D-9355C9160038}.Release|Any CPU.ActiveCfg = Release|Any CPU
		{B16B9811-6AEA-4494-A84D-9355C9160038}.Release|Any CPU.Build.0 = Release|Any CPU
		{949B7EAC-DF50-43E2-AB8E-F27CDC38E023}.Debug|Any CPU.ActiveCfg = Debug|Any CPU
		{949B7EAC-DF50-43E2-AB8E-F27CDC38E023}.Debug|Any CPU.Build.0 = Debug|Any CPU
		{949B7EAC-DF50-43E2-AB8E-F27CDC38E023}.Release|Any CPU.ActiveCfg = Release|Any CPU
		{949B7EAC-DF50-43E2-AB8E-F27CDC38E023}.Release|Any CPU.Build.0 = Release|Any CPU
	EndGlobalSection
	GlobalSection(SolutionProperties) = preSolution
		HideSolutionNode = FALSE
	EndGlobalSection
	GlobalSection(ExtensibilityGlobals) = postSolution
		SolutionGuid = {E4F6987D-82C1-4CFF-8AB6-919987D12082}
	EndGlobalSection
EndGlobal
