
Microsoft Visual Studio Solution File, Format Version 12.00
# Visual Studio Version 16
VisualStudioVersion = 16.0.30804.86
MinimumVisualStudioVersion = 10.0.40219.1
Project("{FAE04EC0-301F-11D3-BF4B-00C04F79EFBC}") = "Lab02_ss4_ex1", "Lab02_ss4,5\Lab02_ss4_ex1.csproj", "{57471081-376D-4022-8624-947E78D739AA}"
EndProject
Project("{FAE04EC0-301F-11D3-BF4B-00C04F79EFBC}") = "ss4.2", "ss4.2\ss4.2.csproj", "{9AB01AA6-D60F-465A-9EE6-D6B76D17603D}"
EndProject
Project("{FAE04EC0-301F-11D3-BF4B-00C04F79EFBC}") = "ss4.3", "ss4.3\ss4.3.csproj", "{2EB8068B-6DE7-49D3-AF24-A67878ED430B}"
EndProject
Project("{FAE04EC0-301F-11D3-BF4B-00C04F79EFBC}") = "ss4.4", "ss4.4\ss4.4.csproj", "{BC250A12-722E-4934-89DE-F7A73EEB12A9}"
EndProject
Project("{FAE04EC0-301F-11D3-BF4B-00C04F79EFBC}") = "ss4.5", "ss4.5\ss4.5.csproj", "{F0D54D01-339D-43CD-84F3-BCD3007BCC85}"
EndProject
Project("{FAE04EC0-301F-11D3-BF4B-00C04F79EFBC}") = "ss4.6", "ss4.6\ss4.6.csproj", "{91410E3E-18D6-460D-A70F-C874CC8F42DE}"
EndProject
Project("{FAE04EC0-301F-11D3-BF4B-00C04F79EFBC}") = "ss4.7", "ss4.7\ss4.7.csproj", "{2E3BF705-C2CC-46A4-8A5A-32DB696FC449}"
EndProject
Project("{FAE04EC0-301F-11D3-BF4B-00C04F79EFBC}") = "ss4.8", "ss4.8\ss4.8.csproj", "{892A51B4-7805-40D9-A4E2-57557CCAD8BB}"
EndProject
Project("{FAE04EC0-301F-11D3-BF4B-00C04F79EFBC}") = "ss4.9", "ss4.9\ss4.9.csproj", "{43F119C4-4FC7-478B-8C36-B198DB738678}"
EndProject
Project("{FAE04EC0-301F-11D3-BF4B-00C04F79EFBC}") = "ss4.10", "ss4.10\ss4.10.csproj", "{66FE7BA7-25AC-4837-9099-8F6C2642ECA5}"
EndProject
Project("{FAE04EC0-301F-11D3-BF4B-00C04F79EFBC}") = "ss4.11", "ss4.11\ss4.11.csproj", "{E2A8855E-08F1-45D4-8D54-E9B2AEBDC75C}"
EndProject
Project("{FAE04EC0-301F-11D3-BF4B-00C04F79EFBC}") = "ss4.12", "ss4.12\ss4.12.csproj", "{F571D954-F18E-4767-B7B4-62CAF9238500}"
EndProject
Project("{FAE04EC0-301F-11D3-BF4B-00C04F79EFBC}") = "ss4.13", "ss4.13\ss4.13.csproj", "{B4546ECE-AB4E-403E-8642-C88F3023E256}"
EndProject
Project("{FAE04EC0-301F-11D3-BF4B-00C04F79EFBC}") = "ss4.14", "ss4.14\ss4.14.csproj", "{FA115D39-DFB6-40F0-9C10-786C606636AB}"
EndProject
Project("{FAE04EC0-301F-11D3-BF4B-00C04F79EFBC}") = "ss4.15", "ss4.15\ss4.15.csproj", "{62C251A9-B05E-4537-898C-33D90FC78031}"
EndProject
Project("{FAE04EC0-301F-11D3-BF4B-00C04F79EFBC}") = "ss4.16", "ss4.16\ss4.16.csproj", "{3114C1B3-5BB5-4A69-A95F-C380E17B1033}"
EndProject
Project("{FAE04EC0-301F-11D3-BF4B-00C04F79EFBC}") = "ss4.17", "ss4.17\ss4.17.csproj", "{3B0F7264-0AEB-4677-87EB-C984EB92C0CD}"
EndProject
Project("{FAE04EC0-301F-11D3-BF4B-00C04F79EFBC}") = "ss4.18", "ss4.18\ss4.18.csproj", "{AA8C8A70-0AF6-419B-818D-92551FFAC49A}"
EndProject
Project("{FAE04EC0-301F-11D3-BF4B-00C04F79EFBC}") = "ss4.19", "ss4.19\ss4.19.csproj", "{95C18B41-2925-45F8-9759-78A2B23FEB0B}"
EndProject
Project("{FAE04EC0-301F-11D3-BF4B-00C04F79EFBC}") = "ss4.21", "ss4.21\ss4.21.csproj", "{DF9423EE-D97F-472E-9174-C754CF16DB81}"
EndProject
Project("{FAE04EC0-301F-11D3-BF4B-00C04F79EFBC}") = "ss4.20", "ss4.20\ss4.20.csproj", "{9F0147A8-D646-4D03-B911-FD51FEFC36E9}"
EndProject
Project("{FAE04EC0-301F-11D3-BF4B-00C04F79EFBC}") = "ss4.22", "ss4.22\ss4.22.csproj", "{4B53ED8D-25A6-4C44-B4B4-8D5F2DF14AD3}"
EndProject
Project("{FAE04EC0-301F-11D3-BF4B-00C04F79EFBC}") = "ss4.23", "ss5.1\ss4.23.csproj", "{A5BA9781-100C-4E97-AB89-20D16761BD44}"
EndProject
Project("{FAE04EC0-301F-11D3-BF4B-00C04F79EFBC}") = "ss4.24", "ss4.24\ss4.24.csproj", "{17CE6A0E-1D0C-4CF5-BFF3-5EABA87D9788}"
EndProject
Project("{FAE04EC0-301F-11D3-BF4B-00C04F79EFBC}") = "ss5.01", "ss5.01\ss5.01.csproj", "{A9AC8D4B-A6EB-4158-9F2C-F487C1E5DB6D}"
EndProject
Project("{FAE04EC0-301F-11D3-BF4B-00C04F79EFBC}") = "ss5.2", "ss5.2\ss5.2.csproj", "{29676860-F28F-4EB5-B36E-4E2A8B21A89D}"
EndProject
Project("{FAE04EC0-301F-11D3-BF4B-00C04F79EFBC}") = "ss5.3", "ss5.3\ss5.3.csproj", "{1BEFBED2-1C7B-45B6-B20D-E69036550CCD}"
EndProject
Project("{FAE04EC0-301F-11D3-BF4B-00C04F79EFBC}") = "ss5.4", "ss5.4\ss5.4.csproj", "{F21F7C4A-42A3-4235-88FC-FA54386EE83D}"
EndProject
Project("{FAE04EC0-301F-11D3-BF4B-00C04F79EFBC}") = "ss5.5", "ss5.5\ss5.5.csproj", "{33EE7D73-6F7F-4301-93F8-EFAA8A571491}"
EndProject
Global
	GlobalSection(SolutionConfigurationPlatforms) = preSolution
		Debug|Any CPU = Debug|Any CPU
		Release|Any CPU = Release|Any CPU
	EndGlobalSection
	GlobalSection(ProjectConfigurationPlatforms) = postSolution
		{57471081-376D-4022-8624-947E78D739AA}.Debug|Any CPU.ActiveCfg = Debug|Any CPU
		{57471081-376D-4022-8624-947E78D739AA}.Debug|Any CPU.Build.0 = Debug|Any CPU
		{57471081-376D-4022-8624-947E78D739AA}.Release|Any CPU.ActiveCfg = Release|Any CPU
		{57471081-376D-4022-8624-947E78D739AA}.Release|Any CPU.Build.0 = Release|Any CPU
		{9AB01AA6-D60F-465A-9EE6-D6B76D17603D}.Debug|Any CPU.ActiveCfg = Debug|Any CPU
		{9AB01AA6-D60F-465A-9EE6-D6B76D17603D}.Debug|Any CPU.Build.0 = Debug|Any CPU
		{9AB01AA6-D60F-465A-9EE6-D6B76D17603D}.Release|Any CPU.ActiveCfg = Release|Any CPU
		{9AB01AA6-D60F-465A-9EE6-D6B76D17603D}.Release|Any CPU.Build.0 = Release|Any CPU
		{2EB8068B-6DE7-49D3-AF24-A67878ED430B}.Debug|Any CPU.ActiveCfg = Debug|Any CPU
		{2EB8068B-6DE7-49D3-AF24-A67878ED430B}.Debug|Any CPU.Build.0 = Debug|Any CPU
		{2EB8068B-6DE7-49D3-AF24-A67878ED430B}.Release|Any CPU.ActiveCfg = Release|Any CPU
		{2EB8068B-6DE7-49D3-AF24-A67878ED430B}.Release|Any CPU.Build.0 = Release|Any CPU
		{BC250A12-722E-4934-89DE-F7A73EEB12A9}.Debug|Any CPU.ActiveCfg = Debug|Any CPU
		{BC250A12-722E-4934-89DE-F7A73EEB12A9}.Debug|Any CPU.Build.0 = Debug|Any CPU
		{BC250A12-722E-4934-89DE-F7A73EEB12A9}.Release|Any CPU.ActiveCfg = Release|Any CPU
		{BC250A12-722E-4934-89DE-F7A73EEB12A9}.Release|Any CPU.Build.0 = Release|Any CPU
		{F0D54D01-339D-43CD-84F3-BCD3007BCC85}.Debug|Any CPU.ActiveCfg = Debug|Any CPU
		{F0D54D01-339D-43CD-84F3-BCD3007BCC85}.Debug|Any CPU.Build.0 = Debug|Any CPU
		{F0D54D01-339D-43CD-84F3-BCD3007BCC85}.Release|Any CPU.ActiveCfg = Release|Any CPU
		{F0D54D01-339D-43CD-84F3-BCD3007BCC85}.Release|Any CPU.Build.0 = Release|Any CPU
		{91410E3E-18D6-460D-A70F-C874CC8F42DE}.Debug|Any CPU.ActiveCfg = Debug|Any CPU
		{91410E3E-18D6-460D-A70F-C874CC8F42DE}.Debug|Any CPU.Build.0 = Debug|Any CPU
		{91410E3E-18D6-460D-A70F-C874CC8F42DE}.Release|Any CPU.ActiveCfg = Release|Any CPU
		{91410E3E-18D6-460D-A70F-C874CC8F42DE}.Release|Any CPU.Build.0 = Release|Any CPU
		{2E3BF705-C2CC-46A4-8A5A-32DB696FC449}.Debug|Any CPU.ActiveCfg = Debug|Any CPU
		{2E3BF705-C2CC-46A4-8A5A-32DB696FC449}.Debug|Any CPU.Build.0 = Debug|Any CPU
		{2E3BF705-C2CC-46A4-8A5A-32DB696FC449}.Release|Any CPU.ActiveCfg = Release|Any CPU
		{2E3BF705-C2CC-46A4-8A5A-32DB696FC449}.Release|Any CPU.Build.0 = Release|Any CPU
		{892A51B4-7805-40D9-A4E2-57557CCAD8BB}.Debug|Any CPU.ActiveCfg = Debug|Any CPU
		{892A51B4-7805-40D9-A4E2-57557CCAD8BB}.Debug|Any CPU.Build.0 = Debug|Any CPU
		{892A51B4-7805-40D9-A4E2-57557CCAD8BB}.Release|Any CPU.ActiveCfg = Release|Any CPU
		{892A51B4-7805-40D9-A4E2-57557CCAD8BB}.Release|Any CPU.Build.0 = Release|Any CPU
		{43F119C4-4FC7-478B-8C36-B198DB738678}.Debug|Any CPU.ActiveCfg = Debug|Any CPU
		{43F119C4-4FC7-478B-8C36-B198DB738678}.Debug|Any CPU.Build.0 = Debug|Any CPU
		{43F119C4-4FC7-478B-8C36-B198DB738678}.Release|Any CPU.ActiveCfg = Release|Any CPU
		{43F119C4-4FC7-478B-8C36-B198DB738678}.Release|Any CPU.Build.0 = Release|Any CPU
		{66FE7BA7-25AC-4837-9099-8F6C2642ECA5}.Debug|Any CPU.ActiveCfg = Debug|Any CPU
		{66FE7BA7-25AC-4837-9099-8F6C2642ECA5}.Debug|Any CPU.Build.0 = Debug|Any CPU
		{66FE7BA7-25AC-4837-9099-8F6C2642ECA5}.Release|Any CPU.ActiveCfg = Release|Any CPU
		{66FE7BA7-25AC-4837-9099-8F6C2642ECA5}.Release|Any CPU.Build.0 = Release|Any CPU
		{E2A8855E-08F1-45D4-8D54-E9B2AEBDC75C}.Debug|Any CPU.ActiveCfg = Debug|Any CPU
		{E2A8855E-08F1-45D4-8D54-E9B2AEBDC75C}.Debug|Any CPU.Build.0 = Debug|Any CPU
		{E2A8855E-08F1-45D4-8D54-E9B2AEBDC75C}.Release|Any CPU.ActiveCfg = Release|Any CPU
		{E2A8855E-08F1-45D4-8D54-E9B2AEBDC75C}.Release|Any CPU.Build.0 = Release|Any CPU
		{F571D954-F18E-4767-B7B4-62CAF9238500}.Debug|Any CPU.ActiveCfg = Debug|Any CPU
		{F571D954-F18E-4767-B7B4-62CAF9238500}.Debug|Any CPU.Build.0 = Debug|Any CPU
		{F571D954-F18E-4767-B7B4-62CAF9238500}.Release|Any CPU.ActiveCfg = Release|Any CPU
		{F571D954-F18E-4767-B7B4-62CAF9238500}.Release|Any CPU.Build.0 = Release|Any CPU
		{B4546ECE-AB4E-403E-8642-C88F3023E256}.Debug|Any CPU.ActiveCfg = Debug|Any CPU
		{B4546ECE-AB4E-403E-8642-C88F3023E256}.Debug|Any CPU.Build.0 = Debug|Any CPU
		{B4546ECE-AB4E-403E-8642-C88F3023E256}.Release|Any CPU.ActiveCfg = Release|Any CPU
		{B4546ECE-AB4E-403E-8642-C88F3023E256}.Release|Any CPU.Build.0 = Release|Any CPU
		{FA115D39-DFB6-40F0-9C10-786C606636AB}.Debug|Any CPU.ActiveCfg = Debug|Any CPU
		{FA115D39-DFB6-40F0-9C10-786C606636AB}.Debug|Any CPU.Build.0 = Debug|Any CPU
		{FA115D39-DFB6-40F0-9C10-786C606636AB}.Release|Any CPU.ActiveCfg = Release|Any CPU
		{FA115D39-DFB6-40F0-9C10-786C606636AB}.Release|Any CPU.Build.0 = Release|Any CPU
		{62C251A9-B05E-4537-898C-33D90FC78031}.Debug|Any CPU.ActiveCfg = Debug|Any CPU
		{62C251A9-B05E-4537-898C-33D90FC78031}.Debug|Any CPU.Build.0 = Debug|Any CPU
		{62C251A9-B05E-4537-898C-33D90FC78031}.Release|Any CPU.ActiveCfg = Release|Any CPU
		{62C251A9-B05E-4537-898C-33D90FC78031}.Release|Any CPU.Build.0 = Release|Any CPU
		{3114C1B3-5BB5-4A69-A95F-C380E17B1033}.Debug|Any CPU.ActiveCfg = Debug|Any CPU
		{3114C1B3-5BB5-4A69-A95F-C380E17B1033}.Debug|Any CPU.Build.0 = Debug|Any CPU
		{3114C1B3-5BB5-4A69-A95F-C380E17B1033}.Release|Any CPU.ActiveCfg = Release|Any CPU
		{3114C1B3-5BB5-4A69-A95F-C380E17B1033}.Release|Any CPU.Build.0 = Release|Any CPU
		{3B0F7264-0AEB-4677-87EB-C984EB92C0CD}.Debug|Any CPU.ActiveCfg = Debug|Any CPU
		{3B0F7264-0AEB-4677-87EB-C984EB92C0CD}.Debug|Any CPU.Build.0 = Debug|Any CPU
		{3B0F7264-0AEB-4677-87EB-C984EB92C0CD}.Release|Any CPU.ActiveCfg = Release|Any CPU
		{3B0F7264-0AEB-4677-87EB-C984EB92C0CD}.Release|Any CPU.Build.0 = Release|Any CPU
		{AA8C8A70-0AF6-419B-818D-92551FFAC49A}.Debug|Any CPU.ActiveCfg = Debug|Any CPU
		{AA8C8A70-0AF6-419B-818D-92551FFAC49A}.Debug|Any CPU.Build.0 = Debug|Any CPU
		{AA8C8A70-0AF6-419B-818D-92551FFAC49A}.Release|Any CPU.ActiveCfg = Release|Any CPU
		{AA8C8A70-0AF6-419B-818D-92551FFAC49A}.Release|Any CPU.Build.0 = Release|Any CPU
		{95C18B41-2925-45F8-9759-78A2B23FEB0B}.Debug|Any CPU.ActiveCfg = Debug|Any CPU
		{95C18B41-2925-45F8-9759-78A2B23FEB0B}.Debug|Any CPU.Build.0 = Debug|Any CPU
		{95C18B41-2925-45F8-9759-78A2B23FEB0B}.Release|Any CPU.ActiveCfg = Release|Any CPU
		{95C18B41-2925-45F8-9759-78A2B23FEB0B}.Release|Any CPU.Build.0 = Release|Any CPU
		{DF9423EE-D97F-472E-9174-C754CF16DB81}.Debug|Any CPU.ActiveCfg = Debug|Any CPU
		{DF9423EE-D97F-472E-9174-C754CF16DB81}.Debug|Any CPU.Build.0 = Debug|Any CPU
		{DF9423EE-D97F-472E-9174-C754CF16DB81}.Release|Any CPU.ActiveCfg = Release|Any CPU
		{DF9423EE-D97F-472E-9174-C754CF16DB81}.Release|Any CPU.Build.0 = Release|Any CPU
		{9F0147A8-D646-4D03-B911-FD51FEFC36E9}.Debug|Any CPU.ActiveCfg = Debug|Any CPU
		{9F0147A8-D646-4D03-B911-FD51FEFC36E9}.Debug|Any CPU.Build.0 = Debug|Any CPU
		{9F0147A8-D646-4D03-B911-FD51FEFC36E9}.Release|Any CPU.ActiveCfg = Release|Any CPU
		{9F0147A8-D646-4D03-B911-FD51FEFC36E9}.Release|Any CPU.Build.0 = Release|Any CPU
		{4B53ED8D-25A6-4C44-B4B4-8D5F2DF14AD3}.Debug|Any CPU.ActiveCfg = Debug|Any CPU
		{4B53ED8D-25A6-4C44-B4B4-8D5F2DF14AD3}.Debug|Any CPU.Build.0 = Debug|Any CPU
		{4B53ED8D-25A6-4C44-B4B4-8D5F2DF14AD3}.Release|Any CPU.ActiveCfg = Release|Any CPU
		{4B53ED8D-25A6-4C44-B4B4-8D5F2DF14AD3}.Release|Any CPU.Build.0 = Release|Any CPU
		{A5BA9781-100C-4E97-AB89-20D16761BD44}.Debug|Any CPU.ActiveCfg = Debug|Any CPU
		{A5BA9781-100C-4E97-AB89-20D16761BD44}.Debug|Any CPU.Build.0 = Debug|Any CPU
		{A5BA9781-100C-4E97-AB89-20D16761BD44}.Release|Any CPU.ActiveCfg = Release|Any CPU
		{A5BA9781-100C-4E97-AB89-20D16761BD44}.Release|Any CPU.Build.0 = Release|Any CPU
		{17CE6A0E-1D0C-4CF5-BFF3-5EABA87D9788}.Debug|Any CPU.ActiveCfg = Debug|Any CPU
		{17CE6A0E-1D0C-4CF5-BFF3-5EABA87D9788}.Debug|Any CPU.Build.0 = Debug|Any CPU
		{17CE6A0E-1D0C-4CF5-BFF3-5EABA87D9788}.Release|Any CPU.ActiveCfg = Release|Any CPU
		{17CE6A0E-1D0C-4CF5-BFF3-5EABA87D9788}.Release|Any CPU.Build.0 = Release|Any CPU
		{A9AC8D4B-A6EB-4158-9F2C-F487C1E5DB6D}.Debug|Any CPU.ActiveCfg = Debug|Any CPU
		{A9AC8D4B-A6EB-4158-9F2C-F487C1E5DB6D}.Debug|Any CPU.Build.0 = Debug|Any CPU
		{A9AC8D4B-A6EB-4158-9F2C-F487C1E5DB6D}.Release|Any CPU.ActiveCfg = Release|Any CPU
		{A9AC8D4B-A6EB-4158-9F2C-F487C1E5DB6D}.Release|Any CPU.Build.0 = Release|Any CPU
		{29676860-F28F-4EB5-B36E-4E2A8B21A89D}.Debug|Any CPU.ActiveCfg = Debug|Any CPU
		{29676860-F28F-4EB5-B36E-4E2A8B21A89D}.Debug|Any CPU.Build.0 = Debug|Any CPU
		{29676860-F28F-4EB5-B36E-4E2A8B21A89D}.Release|Any CPU.ActiveCfg = Release|Any CPU
		{29676860-F28F-4EB5-B36E-4E2A8B21A89D}.Release|Any CPU.Build.0 = Release|Any CPU
		{1BEFBED2-1C7B-45B6-B20D-E69036550CCD}.Debug|Any CPU.ActiveCfg = Debug|Any CPU
		{1BEFBED2-1C7B-45B6-B20D-E69036550CCD}.Debug|Any CPU.Build.0 = Debug|Any CPU
		{1BEFBED2-1C7B-45B6-B20D-E69036550CCD}.Release|Any CPU.ActiveCfg = Release|Any CPU
		{1BEFBED2-1C7B-45B6-B20D-E69036550CCD}.Release|Any CPU.Build.0 = Release|Any CPU
		{F21F7C4A-42A3-4235-88FC-FA54386EE83D}.Debug|Any CPU.ActiveCfg = Debug|Any CPU
		{F21F7C4A-42A3-4235-88FC-FA54386EE83D}.Debug|Any CPU.Build.0 = Debug|Any CPU
		{F21F7C4A-42A3-4235-88FC-FA54386EE83D}.Release|Any CPU.ActiveCfg = Release|Any CPU
		{F21F7C4A-42A3-4235-88FC-FA54386EE83D}.Release|Any CPU.Build.0 = Release|Any CPU
		{33EE7D73-6F7F-4301-93F8-EFAA8A571491}.Debug|Any CPU.ActiveCfg = Debug|Any CPU
		{33EE7D73-6F7F-4301-93F8-EFAA8A571491}.Debug|Any CPU.Build.0 = Debug|Any CPU
		{33EE7D73-6F7F-4301-93F8-EFAA8A571491}.Release|Any CPU.ActiveCfg = Release|Any CPU
		{33EE7D73-6F7F-4301-93F8-EFAA8A571491}.Release|Any CPU.Build.0 = Release|Any CPU
	EndGlobalSection
	GlobalSection(SolutionProperties) = preSolution
		HideSolutionNode = FALSE
	EndGlobalSection
	GlobalSection(ExtensibilityGlobals) = postSolution
		SolutionGuid = {231935E7-2580-4077-ACEE-E9316285DA3A}
	EndGlobalSection
EndGlobal
