
Microsoft Visual Studio Solution File, Format Version 12.00
# Visual Studio Version 16
VisualStudioVersion = 16.0.30804.86
MinimumVisualStudioVersion = 10.0.40219.1
Project("{FAE04EC0-301F-11D3-BF4B-00C04F79EFBC}") = "ss6.1", "Lab03_ss6,7\ss6.1.csproj", "{1D98F971-8A2B-4A44-B224-0877C9E2A84B}"
EndProject
Project("{FAE04EC0-301F-11D3-BF4B-00C04F79EFBC}") = "ss6.2", "ss6.2\ss6.2.csproj", "{54607B97-1AB2-42DA-9E6E-D7CD7504E830}"
EndProject
Project("{FAE04EC0-301F-11D3-BF4B-00C04F79EFBC}") = "ss6.3", "ss6.3\ss6.3.csproj", "{C017B386-CCBC-4C6E-8AD5-14BDFD1AE2A5}"
EndProject
Project("{FAE04EC0-301F-11D3-BF4B-00C04F79EFBC}") = "ss6.4", "ss6.4\ss6.4.csproj", "{15D3D991-DB33-446F-94BF-C35984529531}"
EndProject
Project("{FAE04EC0-301F-11D3-BF4B-00C04F79EFBC}") = "ss6.5", "ss6.5\ss6.5.csproj", "{6A2DF33B-4095-42A4-96C2-1365E679E972}"
EndProject
Project("{FAE04EC0-301F-11D3-BF4B-00C04F79EFBC}") = "ss6.6", "ss6.6\ss6.6.csproj", "{17E150B9-AF50-4D14-8272-B1F1B3EE01FB}"
EndProject
Project("{FAE04EC0-301F-11D3-BF4B-00C04F79EFBC}") = "ss6.7", "ss6.7\ss6.7.csproj", "{D01107D6-3D98-4B04-BE73-9EE2CF5A9A64}"
EndProject
Project("{FAE04EC0-301F-11D3-BF4B-00C04F79EFBC}") = "ss6.8", "ss6.8\ss6.8.csproj", "{BC33A0CB-F518-41D5-92BD-550C9382358D}"
EndProject
Project("{FAE04EC0-301F-11D3-BF4B-00C04F79EFBC}") = "ss6.9", "ss6.9\ss6.9.csproj", "{99AFD00A-FD7E-43E4-A3B5-CCDFCBBA4519}"
EndProject
Project("{FAE04EC0-301F-11D3-BF4B-00C04F79EFBC}") = "ss6.10", "ss6.10\ss6.10.csproj", "{0B3D031B-B79A-4EAB-B203-7139A42C87B9}"
EndProject
Project("{FAE04EC0-301F-11D3-BF4B-00C04F79EFBC}") = "ss6.11", "ss6.11\ss6.11.csproj", "{232388CA-CC77-491B-A24F-00CF621A57AA}"
EndProject
Project("{FAE04EC0-301F-11D3-BF4B-00C04F79EFBC}") = "ss6.12", "ss6.12\ss6.12.csproj", "{F5B52CA7-7E82-4643-8488-7D659901E46F}"
EndProject
Project("{FAE04EC0-301F-11D3-BF4B-00C04F79EFBC}") = "ss6.14", "ss6.14\ss6.14.csproj", "{5BEA0994-12DE-4275-B13C-F67240417843}"
EndProject
Project("{FAE04EC0-301F-11D3-BF4B-00C04F79EFBC}") = "ss6.15", "ss6.15\ss6.15.csproj", "{495DDF90-60CD-48E0-A41E-DB65A912692B}"
EndProject
Project("{FAE04EC0-301F-11D3-BF4B-00C04F79EFBC}") = "ss6.16", "ss6.16\ss6.16.csproj", "{F41BB468-5A96-4A61-82FE-DE626077486A}"
EndProject
Project("{FAE04EC0-301F-11D3-BF4B-00C04F79EFBC}") = "ss7.1", "ss7.1\ss7.1.csproj", "{AC71BDED-ABF8-4CF8-BBBE-BF419EBF6149}"
EndProject
Project("{FAE04EC0-301F-11D3-BF4B-00C04F79EFBC}") = "ss7.2", "ss7.2\ss7.2.csproj", "{A14422E0-C59D-4E2F-80FD-685C530E37C5}"
EndProject
Project("{FAE04EC0-301F-11D3-BF4B-00C04F79EFBC}") = "ss7.4", "ss7.4\ss7.4.csproj", "{9CCC4293-92DD-43B4-8B55-4F6457BFF35C}"
EndProject
Project("{FAE04EC0-301F-11D3-BF4B-00C04F79EFBC}") = "ss7.3", "ss7.3\ss7.3.csproj", "{1321A2FE-DFD4-46EC-9315-EA5E9200A6B7}"
EndProject
Project("{FAE04EC0-301F-11D3-BF4B-00C04F79EFBC}") = "ss7.5", "ss7.5\ss7.5.csproj", "{3951A1B3-B81D-4BB6-B089-1F827ABE6F6B}"
EndProject
Project("{FAE04EC0-301F-11D3-BF4B-00C04F79EFBC}") = "ss7,6", "ss7,6\ss7,6.csproj", "{3ACD4499-F97C-43A8-9C85-8AAA7DFEF649}"
EndProject
Project("{FAE04EC0-301F-11D3-BF4B-00C04F79EFBC}") = "ss7.9", "ss7.9\ss7.9.csproj", "{4C893CE5-88F0-4CA1-832E-E2E9002F979A}"
EndProject
Project("{FAE04EC0-301F-11D3-BF4B-00C04F79EFBC}") = "ss7.7", "ss7.7\ss7.7.csproj", "{D3CDC37D-FB88-4B64-B6E9-7FB9D0C6A0CB}"
EndProject
Project("{FAE04EC0-301F-11D3-BF4B-00C04F79EFBC}") = "ss7.8", "ss7.8\ss7.8.csproj", "{62B7DE26-B579-479F-B5B0-79C351F67701}"
EndProject
Project("{FAE04EC0-301F-11D3-BF4B-00C04F79EFBC}") = "ss7.10", "ss7.10\ss7.10.csproj", "{04719346-D513-4F2D-A61F-9D2464889AA4}"
EndProject
Global
	GlobalSection(SolutionConfigurationPlatforms) = preSolution
		Debug|Any CPU = Debug|Any CPU
		Release|Any CPU = Release|Any CPU
	EndGlobalSection
	GlobalSection(ProjectConfigurationPlatforms) = postSolution
		{1D98F971-8A2B-4A44-B224-0877C9E2A84B}.Debug|Any CPU.ActiveCfg = Debug|Any CPU
		{1D98F971-8A2B-4A44-B224-0877C9E2A84B}.Debug|Any CPU.Build.0 = Debug|Any CPU
		{1D98F971-8A2B-4A44-B224-0877C9E2A84B}.Release|Any CPU.ActiveCfg = Release|Any CPU
		{1D98F971-8A2B-4A44-B224-0877C9E2A84B}.Release|Any CPU.Build.0 = Release|Any CPU
		{54607B97-1AB2-42DA-9E6E-D7CD7504E830}.Debug|Any CPU.ActiveCfg = Debug|Any CPU
		{54607B97-1AB2-42DA-9E6E-D7CD7504E830}.Debug|Any CPU.Build.0 = Debug|Any CPU
		{54607B97-1AB2-42DA-9E6E-D7CD7504E830}.Release|Any CPU.ActiveCfg = Release|Any CPU
		{54607B97-1AB2-42DA-9E6E-D7CD7504E830}.Release|Any CPU.Build.0 = Release|Any CPU
		{C017B386-CCBC-4C6E-8AD5-14BDFD1AE2A5}.Debug|Any CPU.ActiveCfg = Debug|Any CPU
		{C017B386-CCBC-4C6E-8AD5-14BDFD1AE2A5}.Debug|Any CPU.Build.0 = Debug|Any CPU
		{C017B386-CCBC-4C6E-8AD5-14BDFD1AE2A5}.Release|Any CPU.ActiveCfg = Release|Any CPU
		{C017B386-CCBC-4C6E-8AD5-14BDFD1AE2A5}.Release|Any CPU.Build.0 = Release|Any CPU
		{15D3D991-DB33-446F-94BF-C35984529531}.Debug|Any CPU.ActiveCfg = Debug|Any CPU
		{15D3D991-DB33-446F-94BF-C35984529531}.Debug|Any CPU.Build.0 = Debug|Any CPU
		{15D3D991-DB33-446F-94BF-C35984529531}.Release|Any CPU.ActiveCfg = Release|Any CPU
		{15D3D991-DB33-446F-94BF-C35984529531}.Release|Any CPU.Build.0 = Release|Any CPU
		{6A2DF33B-4095-42A4-96C2-1365E679E972}.Debug|Any CPU.ActiveCfg = Debug|Any CPU
		{6A2DF33B-4095-42A4-96C2-1365E679E972}.Debug|Any CPU.Build.0 = Debug|Any CPU
		{6A2DF33B-4095-42A4-96C2-1365E679E972}.Release|Any CPU.ActiveCfg = Release|Any CPU
		{6A2DF33B-4095-42A4-96C2-1365E679E972}.Release|Any CPU.Build.0 = Release|Any CPU
		{17E150B9-AF50-4D14-8272-B1F1B3EE01FB}.Debug|Any CPU.ActiveCfg = Debug|Any CPU
		{17E150B9-AF50-4D14-8272-B1F1B3EE01FB}.Debug|Any CPU.Build.0 = Debug|Any CPU
		{17E150B9-AF50-4D14-8272-B1F1B3EE01FB}.Release|Any CPU.ActiveCfg = Release|Any CPU
		{17E150B9-AF50-4D14-8272-B1F1B3EE01FB}.Release|Any CPU.Build.0 = Release|Any CPU
		{D01107D6-3D98-4B04-BE73-9EE2CF5A9A64}.Debug|Any CPU.ActiveCfg = Debug|Any CPU
		{D01107D6-3D98-4B04-BE73-9EE2CF5A9A64}.Debug|Any CPU.Build.0 = Debug|Any CPU
		{D01107D6-3D98-4B04-BE73-9EE2CF5A9A64}.Release|Any CPU.ActiveCfg = Release|Any CPU
		{D01107D6-3D98-4B04-BE73-9EE2CF5A9A64}.Release|Any CPU.Build.0 = Release|Any CPU
		{BC33A0CB-F518-41D5-92BD-550C9382358D}.Debug|Any CPU.ActiveCfg = Debug|Any CPU
		{BC33A0CB-F518-41D5-92BD-550C9382358D}.Debug|Any CPU.Build.0 = Debug|Any CPU
		{BC33A0CB-F518-41D5-92BD-550C9382358D}.Release|Any CPU.ActiveCfg = Release|Any CPU
		{BC33A0CB-F518-41D5-92BD-550C9382358D}.Release|Any CPU.Build.0 = Release|Any CPU
		{99AFD00A-FD7E-43E4-A3B5-CCDFCBBA4519}.Debug|Any CPU.ActiveCfg = Debug|Any CPU
		{99AFD00A-FD7E-43E4-A3B5-CCDFCBBA4519}.Debug|Any CPU.Build.0 = Debug|Any CPU
		{99AFD00A-FD7E-43E4-A3B5-CCDFCBBA4519}.Release|Any CPU.ActiveCfg = Release|Any CPU
		{99AFD00A-FD7E-43E4-A3B5-CCDFCBBA4519}.Release|Any CPU.Build.0 = Release|Any CPU
		{0B3D031B-B79A-4EAB-B203-7139A42C87B9}.Debug|Any CPU.ActiveCfg = Debug|Any CPU
		{0B3D031B-B79A-4EAB-B203-7139A42C87B9}.Debug|Any CPU.Build.0 = Debug|Any CPU
		{0B3D031B-B79A-4EAB-B203-7139A42C87B9}.Release|Any CPU.ActiveCfg = Release|Any CPU
		{0B3D031B-B79A-4EAB-B203-7139A42C87B9}.Release|Any CPU.Build.0 = Release|Any CPU
		{232388CA-CC77-491B-A24F-00CF621A57AA}.Debug|Any CPU.ActiveCfg = Debug|Any CPU
		{232388CA-CC77-491B-A24F-00CF621A57AA}.Debug|Any CPU.Build.0 = Debug|Any CPU
		{232388CA-CC77-491B-A24F-00CF621A57AA}.Release|Any CPU.ActiveCfg = Release|Any CPU
		{232388CA-CC77-491B-A24F-00CF621A57AA}.Release|Any CPU.Build.0 = Release|Any CPU
		{F5B52CA7-7E82-4643-8488-7D659901E46F}.Debug|Any CPU.ActiveCfg = Debug|Any CPU
		{F5B52CA7-7E82-4643-8488-7D659901E46F}.Debug|Any CPU.Build.0 = Debug|Any CPU
		{F5B52CA7-7E82-4643-8488-7D659901E46F}.Release|Any CPU.ActiveCfg = Release|Any CPU
		{F5B52CA7-7E82-4643-8488-7D659901E46F}.Release|Any CPU.Build.0 = Release|Any CPU
		{5BEA0994-12DE-4275-B13C-F67240417843}.Debug|Any CPU.ActiveCfg = Debug|Any CPU
		{5BEA0994-12DE-4275-B13C-F67240417843}.Debug|Any CPU.Build.0 = Debug|Any CPU
		{5BEA0994-12DE-4275-B13C-F67240417843}.Release|Any CPU.ActiveCfg = Release|Any CPU
		{5BEA0994-12DE-4275-B13C-F67240417843}.Release|Any CPU.Build.0 = Release|Any CPU
		{495DDF90-60CD-48E0-A41E-DB65A912692B}.Debug|Any CPU.ActiveCfg = Debug|Any CPU
		{495DDF90-60CD-48E0-A41E-DB65A912692B}.Debug|Any CPU.Build.0 = Debug|Any CPU
		{495DDF90-60CD-48E0-A41E-DB65A912692B}.Release|Any CPU.ActiveCfg = Release|Any CPU
		{495DDF90-60CD-48E0-A41E-DB65A912692B}.Release|Any CPU.Build.0 = Release|Any CPU
		{F41BB468-5A96-4A61-82FE-DE626077486A}.Debug|Any CPU.ActiveCfg = Debug|Any CPU
		{F41BB468-5A96-4A61-82FE-DE626077486A}.Debug|Any CPU.Build.0 = Debug|Any CPU
		{F41BB468-5A96-4A61-82FE-DE626077486A}.Release|Any CPU.ActiveCfg = Release|Any CPU
		{F41BB468-5A96-4A61-82FE-DE626077486A}.Release|Any CPU.Build.0 = Release|Any CPU
		{AC71BDED-ABF8-4CF8-BBBE-BF419EBF6149}.Debug|Any CPU.ActiveCfg = Debug|Any CPU
		{AC71BDED-ABF8-4CF8-BBBE-BF419EBF6149}.Debug|Any CPU.Build.0 = Debug|Any CPU
		{AC71BDED-ABF8-4CF8-BBBE-BF419EBF6149}.Release|Any CPU.ActiveCfg = Release|Any CPU
		{AC71BDED-ABF8-4CF8-BBBE-BF419EBF6149}.Release|Any CPU.Build.0 = Release|Any CPU
		{A14422E0-C59D-4E2F-80FD-685C530E37C5}.Debug|Any CPU.ActiveCfg = Debug|Any CPU
		{A14422E0-C59D-4E2F-80FD-685C530E37C5}.Debug|Any CPU.Build.0 = Debug|Any CPU
		{A14422E0-C59D-4E2F-80FD-685C530E37C5}.Release|Any CPU.ActiveCfg = Release|Any CPU
		{A14422E0-C59D-4E2F-80FD-685C530E37C5}.Release|Any CPU.Build.0 = Release|Any CPU
		{9CCC4293-92DD-43B4-8B55-4F6457BFF35C}.Debug|Any CPU.ActiveCfg = Debug|Any CPU
		{9CCC4293-92DD-43B4-8B55-4F6457BFF35C}.Debug|Any CPU.Build.0 = Debug|Any CPU
		{9CCC4293-92DD-43B4-8B55-4F6457BFF35C}.Release|Any CPU.ActiveCfg = Release|Any CPU
		{9CCC4293-92DD-43B4-8B55-4F6457BFF35C}.Release|Any CPU.Build.0 = Release|Any CPU
		{1321A2FE-DFD4-46EC-9315-EA5E9200A6B7}.Debug|Any CPU.ActiveCfg = Debug|Any CPU
		{1321A2FE-DFD4-46EC-9315-EA5E9200A6B7}.Debug|Any CPU.Build.0 = Debug|Any CPU
		{1321A2FE-DFD4-46EC-9315-EA5E9200A6B7}.Release|Any CPU.ActiveCfg = Release|Any CPU
		{1321A2FE-DFD4-46EC-9315-EA5E9200A6B7}.Release|Any CPU.Build.0 = Release|Any CPU
		{3951A1B3-B81D-4BB6-B089-1F827ABE6F6B}.Debug|Any CPU.ActiveCfg = Debug|Any CPU
		{3951A1B3-B81D-4BB6-B089-1F827ABE6F6B}.Debug|Any CPU.Build.0 = Debug|Any CPU
		{3951A1B3-B81D-4BB6-B089-1F827ABE6F6B}.Release|Any CPU.ActiveCfg = Release|Any CPU
		{3951A1B3-B81D-4BB6-B089-1F827ABE6F6B}.Release|Any CPU.Build.0 = Release|Any CPU
		{3ACD4499-F97C-43A8-9C85-8AAA7DFEF649}.Debug|Any CPU.ActiveCfg = Debug|Any CPU
		{3ACD4499-F97C-43A8-9C85-8AAA7DFEF649}.Debug|Any CPU.Build.0 = Debug|Any CPU
		{3ACD4499-F97C-43A8-9C85-8AAA7DFEF649}.Release|Any CPU.ActiveCfg = Release|Any CPU
		{3ACD4499-F97C-43A8-9C85-8AAA7DFEF649}.Release|Any CPU.Build.0 = Release|Any CPU
		{4C893CE5-88F0-4CA1-832E-E2E9002F979A}.Debug|Any CPU.ActiveCfg = Debug|Any CPU
		{4C893CE5-88F0-4CA1-832E-E2E9002F979A}.Debug|Any CPU.Build.0 = Debug|Any CPU
		{4C893CE5-88F0-4CA1-832E-E2E9002F979A}.Release|Any CPU.ActiveCfg = Release|Any CPU
		{4C893CE5-88F0-4CA1-832E-E2E9002F979A}.Release|Any CPU.Build.0 = Release|Any CPU
		{D3CDC37D-FB88-4B64-B6E9-7FB9D0C6A0CB}.Debug|Any CPU.ActiveCfg = Debug|Any CPU
		{D3CDC37D-FB88-4B64-B6E9-7FB9D0C6A0CB}.Debug|Any CPU.Build.0 = Debug|Any CPU
		{D3CDC37D-FB88-4B64-B6E9-7FB9D0C6A0CB}.Release|Any CPU.ActiveCfg = Release|Any CPU
		{D3CDC37D-FB88-4B64-B6E9-7FB9D0C6A0CB}.Release|Any CPU.Build.0 = Release|Any CPU
		{62B7DE26-B579-479F-B5B0-79C351F67701}.Debug|Any CPU.ActiveCfg = Debug|Any CPU
		{62B7DE26-B579-479F-B5B0-79C351F67701}.Debug|Any CPU.Build.0 = Debug|Any CPU
		{62B7DE26-B579-479F-B5B0-79C351F67701}.Release|Any CPU.ActiveCfg = Release|Any CPU
		{62B7DE26-B579-479F-B5B0-79C351F67701}.Release|Any CPU.Build.0 = Release|Any CPU
		{04719346-D513-4F2D-A61F-9D2464889AA4}.Debug|Any CPU.ActiveCfg = Debug|Any CPU
		{04719346-D513-4F2D-A61F-9D2464889AA4}.Debug|Any CPU.Build.0 = Debug|Any CPU
		{04719346-D513-4F2D-A61F-9D2464889AA4}.Release|Any CPU.ActiveCfg = Release|Any CPU
		{04719346-D513-4F2D-A61F-9D2464889AA4}.Release|Any CPU.Build.0 = Release|Any CPU
	EndGlobalSection
	GlobalSection(SolutionProperties) = preSolution
		HideSolutionNode = FALSE
	EndGlobalSection
	GlobalSection(ExtensibilityGlobals) = postSolution
		SolutionGuid = {D8C19CDD-8A07-4A31-9863-1431636A8960}
	EndGlobalSection
EndGlobal
